// !$*UTF8*$!
{
	archiveVersion = 1;
	classes = {
	};
	objectVersion = 46;
	objects = {

/* Begin PBXBuildFile section */
		CCF2AD8C19E4F9EC003A1D84 /* main.m in Sources */ = {isa = PBXBuildFile; fileRef = CCF2AD8B19E4F9EC003A1D84 /* main.m */; };
		CCF2AD8F19E4F9EC003A1D84 /* AppDelegate.m in Sources */ = {isa = PBXBuildFile; fileRef = CCF2AD8E19E4F9EC003A1D84 /* AppDelegate.m */; };
		CCF2AD9219E4F9EC003A1D84 /* MCMS2.xcdatamodeld in Sources */ = {isa = PBXBuildFile; fileRef = CCF2AD9019E4F9EC003A1D84 /* MCMS2.xcdatamodeld */; };
		CCF2AD9519E4F9EC003A1D84 /* ViewController.m in Sources */ = {isa = PBXBuildFile; fileRef = CCF2AD9419E4F9EC003A1D84 /* ViewController.m */; };
		CCF2AD9819E4F9EC003A1D84 /* Main.storyboard in Resources */ = {isa = PBXBuildFile; fileRef = CCF2AD9619E4F9EC003A1D84 /* Main.storyboard */; };
		CCF2AD9A19E4F9EC003A1D84 /* Images.xcassets in Resources */ = {isa = PBXBuildFile; fileRef = CCF2AD9919E4F9EC003A1D84 /* Images.xcassets */; };
		CCF2AD9D19E4F9EC003A1D84 /* LaunchScreen.xib in Resources */ = {isa = PBXBuildFile; fileRef = CCF2AD9B19E4F9EC003A1D84 /* LaunchScreen.xib */; };
		CCF2ADA919E4F9EC003A1D84 /* MCMS2Tests.m in Sources */ = {isa = PBXBuildFile; fileRef = CCF2ADA819E4F9EC003A1D84 /* MCMS2Tests.m */; };
		CCF2ADB719E4FB20003A1D84 /* MagicalCreature.m in Sources */ = {isa = PBXBuildFile; fileRef = CCF2ADB619E4FB20003A1D84 /* MagicalCreature.m */; };
/* End PBXBuildFile section */

/* Begin PBXContainerItemProxy section */
		CCF2ADA319E4F9EC003A1D84 /* PBXContainerItemProxy */ = {
			isa = PBXContainerItemProxy;
			containerPortal = CCF2AD7E19E4F9EC003A1D84 /* Project object */;
			proxyType = 1;
			remoteGlobalIDString = CCF2AD8519E4F9EC003A1D84;
			remoteInfo = MCMS2;
		};
/* End PBXContainerItemProxy section */

/* Begin PBXFileReference section */
		CCF2AD8619E4F9EC003A1D84 /* MCMS2.app */ = {isa = PBXFileReference; explicitFileType = wrapper.application; includeInIndex = 0; path = MCMS2.app; sourceTree = BUILT_PRODUCTS_DIR; };
		CCF2AD8A19E4F9EC003A1D84 /* Info.plist */ = {isa = PBXFileReference; lastKnownFileType = text.plist.xml; path = Info.plist; sourceTree = "<group>"; };
		CCF2AD8B19E4F9EC003A1D84 /* main.m */ = {isa = PBXFileReference; lastKnownFileType = sourcecode.c.objc; path = main.m; sourceTree = "<group>"; };
		CCF2AD8D19E4F9EC003A1D84 /* AppDelegate.h */ = {isa = PBXFileReference; lastKnownFileType = sourcecode.c.h; path = AppDelegate.h; sourceTree = "<group>"; };
		CCF2AD8E19E4F9EC003A1D84 /* AppDelegate.m */ = {isa = PBXFileReference; lastKnownFileType = sourcecode.c.objc; path = AppDelegate.m; sourceTree = "<group>"; };
		CCF2AD9119E4F9EC003A1D84 /* MCMS2.xcdatamodel */ = {isa = PBXFileReference; lastKnownFileType = wrapper.xcdatamodel; path = MCMS2.xcdatamodel; sourceTree = "<group>"; };
		CCF2AD9319E4F9EC003A1D84 /* ViewController.h */ = {isa = PBXFileReference; lastKnownFileType = sourcecode.c.h; path = ViewController.h; sourceTree = "<group>"; };
		CCF2AD9419E4F9EC003A1D84 /* ViewController.m */ = {isa = PBXFileReference; lastKnownFileType = sourcecode.c.objc; path = ViewController.m; sourceTree = "<group>"; };
		CCF2AD9719E4F9EC003A1D84 /* Base */ = {isa = PBXFileReference; lastKnownFileType = file.storyboard; name = Base; path = Base.lproj/Main.storyboard; sourceTree = "<group>"; };
		CCF2AD9919E4F9EC003A1D84 /* Images.xcassets */ = {isa = PBXFileReference; lastKnownFileType = folder.assetcatalog; path = Images.xcassets; sourceTree = "<group>"; };
		CCF2AD9C19E4F9EC003A1D84 /* Base */ = {isa = PBXFileReference; lastKnownFileType = file.xib; name = Base; path = Base.lproj/LaunchScreen.xib; sourceTree = "<group>"; };
		CCF2ADA219E4F9EC003A1D84 /* MCMS2Tests.xctest */ = {isa = PBXFileReference; explicitFileType = wrapper.cfbundle; includeInIndex = 0; path = MCMS2Tests.xctest; sourceTree = BUILT_PRODUCTS_DIR; };
		CCF2ADA719E4F9EC003A1D84 /* Info.plist */ = {isa = PBXFileReference; lastKnownFileType = text.plist.xml; path = Info.plist; sourceTree = "<group>"; };
		CCF2ADA819E4F9EC003A1D84 /* MCMS2Tests.m */ = {isa = PBXFileReference; lastKnownFileType = sourcecode.c.objc; path = MCMS2Tests.m; sourceTree = "<group>"; };
		CCF2ADB519E4FB20003A1D84 /* MagicalCreature.h */ = {isa = PBXFileReference; fileEncoding = 4; lastKnownFileType = sourcecode.c.h; name = MagicalCreature.h; path = ../MagicalCreature.h; sourceTree = "<group>"; };
		CCF2ADB619E4FB20003A1D84 /* MagicalCreature.m */ = {isa = PBXFileReference; fileEncoding = 4; lastKnownFileType = sourcecode.c.objc; name = MagicalCreature.m; path = ../MagicalCreature.m; sourceTree = "<group>"; };
/* End PBXFileReference section */

/* Begin PBXFrameworksBuildPhase section */
		CCF2AD8319E4F9EC003A1D84 /* Frameworks */ = {
			isa = PBXFrameworksBuildPhase;
			buildActionMask = 2147483647;
			files = (
			);
			runOnlyForDeploymentPostprocessing = 0;
		};
		CCF2AD9F19E4F9EC003A1D84 /* Frameworks */ = {
			isa = PBXFrameworksBuildPhase;
			buildActionMask = 2147483647;
			files = (
			);
			runOnlyForDeploymentPostprocessing = 0;
		};
/* End PBXFrameworksBuildPhase section */

/* Begin PBXGroup section */
		CCF2AD7D19E4F9EC003A1D84 = {
			isa = PBXGroup;
			children = (
				CCF2AD8819E4F9EC003A1D84 /* MCMS2 */,
				CCF2ADA519E4F9EC003A1D84 /* MCMS2Tests */,
				CCF2AD8719E4F9EC003A1D84 /* Products */,
			);
			sourceTree = "<group>";
		};
		CCF2AD8719E4F9EC003A1D84 /* Products */ = {
			isa = PBXGroup;
			children = (
				CCF2AD8619E4F9EC003A1D84 /* MCMS2.app */,
				CCF2ADA219E4F9EC003A1D84 /* MCMS2Tests.xctest */,
			);
			name = Products;
			sourceTree = "<group>";
		};
		CCF2AD8819E4F9EC003A1D84 /* MCMS2 */ = {
			isa = PBXGroup;
			children = (
				CCF2ADB519E4FB20003A1D84 /* MagicalCreature.h */,
				CCF2ADB619E4FB20003A1D84 /* MagicalCreature.m */,
				CCF2AD8D19E4F9EC003A1D84 /* AppDelegate.h */,
				CCF2AD8E19E4F9EC003A1D84 /* AppDelegate.m */,
				CCF2AD9319E4F9EC003A1D84 /* ViewController.h */,
				CCF2AD9419E4F9EC003A1D84 /* ViewController.m */,
				CCF2AD9619E4F9EC003A1D84 /* Main.storyboard */,
				CCF2AD9919E4F9EC003A1D84 /* Images.xcassets */,
				CCF2AD9B19E4F9EC003A1D84 /* LaunchScreen.xib */,
				CCF2AD9019E4F9EC003A1D84 /* MCMS2.xcdatamodeld */,
				CCF2AD8919E4F9EC003A1D84 /* Supporting Files */,
			);
			path = MCMS2;
			sourceTree = "<group>";
		};
		CCF2AD8919E4F9EC003A1D84 /* Supporting Files */ = {
			isa = PBXGroup;
			children = (
				CCF2AD8A19E4F9EC003A1D84 /* Info.plist */,
				CCF2AD8B19E4F9EC003A1D84 /* main.m */,
			);
			name = "Supporting Files";
			sourceTree = "<group>";
		};
		CCF2ADA519E4F9EC003A1D84 /* MCMS2Tests */ = {
			isa = PBXGroup;
			children = (
				CCF2ADA819E4F9EC003A1D84 /* MCMS2Tests.m */,
				CCF2ADA619E4F9EC003A1D84 /* Supporting Files */,
			);
			path = MCMS2Tests;
			sourceTree = "<group>";
		};
		CCF2ADA619E4F9EC003A1D84 /* Supporting Files */ = {
			isa = PBXGroup;
			children = (
				CCF2ADA719E4F9EC003A1D84 /* Info.plist */,
			);
			name = "Supporting Files";
			sourceTree = "<group>";
		};
/* End PBXGroup section */

/* Begin PBXNativeTarget section */
		CCF2AD8519E4F9EC003A1D84 /* MCMS2 */ = {
			isa = PBXNativeTarget;
			buildConfigurationList = CCF2ADAC19E4F9EC003A1D84 /* Build configuration list for PBXNativeTarget "MCMS2" */;
			buildPhases = (
				CCF2AD8219E4F9EC003A1D84 /* Sources */,
				CCF2AD8319E4F9EC003A1D84 /* Frameworks */,
				CCF2AD8419E4F9EC003A1D84 /* Resources */,
			);
			buildRules = (
			);
			dependencies = (
			);
			name = MCMS2;
			productName = MCMS2;
			productReference = CCF2AD8619E4F9EC003A1D84 /* MCMS2.app */;
			productType = "com.apple.product-type.application";
		};
		CCF2ADA119E4F9EC003A1D84 /* MCMS2Tests */ = {
			isa = PBXNativeTarget;
			buildConfigurationList = CCF2ADAF19E4F9EC003A1D84 /* Build configuration list for PBXNativeTarget "MCMS2Tests" */;
			buildPhases = (
				CCF2AD9E19E4F9EC003A1D84 /* Sources */,
				CCF2AD9F19E4F9EC003A1D84 /* Frameworks */,
				CCF2ADA019E4F9EC003A1D84 /* Resources */,
			);
			buildRules = (
			);
			dependencies = (
				CCF2ADA419E4F9EC003A1D84 /* PBXTargetDependency */,
			);
			name = MCMS2Tests;
			productName = MCMS2Tests;
			productReference = CCF2ADA219E4F9EC003A1D84 /* MCMS2Tests.xctest */;
			productType = "com.apple.product-type.bundle.unit-test";
		};
/* End PBXNativeTarget section */

/* Begin PBXProject section */
		CCF2AD7E19E4F9EC003A1D84 /* Project object */ = {
			isa = PBXProject;
			attributes = {
				LastUpgradeCheck = 0600;
				ORGANIZATIONNAME = "MIKE LAND";
				TargetAttributes = {
					CCF2AD8519E4F9EC003A1D84 = {
						CreatedOnToolsVersion = 6.0.1;
					};
					CCF2ADA119E4F9EC003A1D84 = {
						CreatedOnToolsVersion = 6.0.1;
						TestTargetID = CCF2AD8519E4F9EC003A1D84;
					};
				};
			};
			buildConfigurationList = CCF2AD8119E4F9EC003A1D84 /* Build configuration list for PBXProject "MCMS2" */;
			compatibilityVersion = "Xcode 3.2";
			developmentRegion = English;
			hasScannedForEncodings = 0;
			knownRegions = (
				en,
				Base,
			);
			mainGroup = CCF2AD7D19E4F9EC003A1D84;
			productRefGroup = CCF2AD8719E4F9EC003A1D84 /* Products */;
			projectDirPath = "";
			projectRoot = "";
			targets = (
				CCF2AD8519E4F9EC003A1D84 /* MCMS2 */,
				CCF2ADA119E4F9EC003A1D84 /* MCMS2Tests */,
			);
		};
/* End PBXProject section */

/* Begin PBXResourcesBuildPhase section */
		CCF2AD8419E4F9EC003A1D84 /* Resources */ = {
			isa = PBXResourcesBuildPhase;
			buildActionMask = 2147483647;
			files = (
				CCF2AD9819E4F9EC003A1D84 /* Main.storyboard in Resources */,
				CCF2AD9D19E4F9EC003A1D84 /* LaunchScreen.xib in Resources */,
				CCF2AD9A19E4F9EC003A1D84 /* Images.xcassets in Resources */,
			);
			runOnlyForDeploymentPostprocessing = 0;
		};
		CCF2ADA019E4F9EC003A1D84 /* Resources */ = {
			isa = PBXResourcesBuildPhase;
			buildActionMask = 2147483647;
			files = (
			);
			runOnlyForDeploymentPostprocessing = 0;
		};
/* End PBXResourcesBuildPhase section */

/* Begin PBXSourcesBuildPhase section */
		CCF2AD8219E4F9EC003A1D84 /* Sources */ = {
			isa = PBXSourcesBuildPhase;
			buildActionMask = 2147483647;
			files = (
				CCF2AD9219E4F9EC003A1D84 /* MCMS2.xcdatamodeld in Sources */,
				CCF2AD8F19E4F9EC003A1D84 /* AppDelegate.m in Sources */,
				CCF2ADB719E4FB20003A1D84 /* MagicalCreature.m in Sources */,
				CCF2AD9519E4F9EC003A1D84 /* ViewController.m in Sources */,
				CCF2AD8C19E4F9EC003A1D84 /* main.m in Sources */,
			);
			runOnlyForDeploymentPostprocessing = 0;
		};
		CCF2AD9E19E4F9EC003A1D84 /* Sources */ = {
			isa = PBXSourcesBuildPhase;
			buildActionMask = 2147483647;
			files = (
				CCF2ADA919E4F9EC003A1D84 /* MCMS2Tests.m in Sources */,
			);
			runOnlyForDeploymentPostprocessing = 0;
		};
/* End PBXSourcesBuildPhase section */

/* Begin PBXTargetDependency section */
		CCF2ADA419E4F9EC003A1D84 /* PBXTargetDependency */ = {
			isa = PBXTargetDependency;
			target = CCF2AD8519E4F9EC003A1D84 /* MCMS2 */;
			targetProxy = CCF2ADA319E4F9EC003A1D84 /* PBXContainerItemProxy */;
		};
/* End PBXTargetDependency section */

/* Begin PBXVariantGroup section */
		CCF2AD9619E4F9EC003A1D84 /* Main.storyboard */ = {
			isa = PBXVariantGroup;
			children = (
				CCF2AD9719E4F9EC003A1D84 /* Base */,
			);
			name = Main.storyboard;
			sourceTree = "<group>";
		};
		CCF2AD9B19E4F9EC003A1D84 /* LaunchScreen.xib */ = {
			isa = PBXVariantGroup;
			children = (
				CCF2AD9C19E4F9EC003A1D84 /* Base */,
			);
			name = LaunchScreen.xib;
			sourceTree = "<group>";
		};
/* End PBXVariantGroup section */

/* Begin XCBuildConfiguration section */
		CCF2ADAA19E4F9EC003A1D84 /* Debug */ = {
			isa = XCBuildConfiguration;
			buildSettings = {
				ALWAYS_SEARCH_USER_PATHS = NO;
				CLANG_CXX_LANGUAGE_STANDARD = "gnu++0x";
				CLANG_CXX_LIBRARY = "libc++";
				CLANG_ENABLE_MODULES = YES;
				CLANG_ENABLE_OBJC_ARC = YES;
				CLANG_WARN_BOOL_CONVERSION = YES;
				CLANG_WARN_CONSTANT_CONVERSION = YES;
				CLANG_WARN_DIRECT_OBJC_ISA_USAGE = YES_ERROR;
				CLANG_WARN_EMPTY_BODY = YES;
				CLANG_WARN_ENUM_CONVERSION = YES;
				CLANG_WARN_INT_CONVERSION = YES;
				CLANG_WARN_OBJC_ROOT_CLASS = YES_ERROR;
				CLANG_WARN_UNREACHABLE_CODE = YES;
				CLANG_WARN__DUPLICATE_METHOD_MATCH = YES;
				"CODE_SIGN_IDENTITY[sdk=iphoneos*]" = "iPhone Developer";
				COPY_PHASE_STRIP = NO;
				ENABLE_STRICT_OBJC_MSGSEND = YES;
				GCC_C_LANGUAGE_STANDARD = gnu99;
				GCC_DYNAMIC_NO_PIC = NO;
				GCC_OPTIMIZATION_LEVEL = 0;
				GCC_PREPROCESSOR_DEFINITIONS = (
					"DEBUG=1",
					"$(inherited)",
				);
				GCC_SYMBOLS_PRIVATE_EXTERN = NO;
				GCC_WARN_64_TO_32_BIT_CONVERSION = YES;
				GCC_WARN_ABOUT_RETURN_TYPE = YES_ERROR;
				GCC_WARN_UNDECLARED_SELECTOR = YES;
				GCC_WARN_UNINITIALIZED_AUTOS = YES_AGGRESSIVE;
				GCC_WARN_UNUSED_FUNCTION = YES;
				GCC_WARN_UNUSED_VARIABLE = YES;
				IPHONEOS_DEPLOYMENT_TARGET = 8.0;
				MTL_ENABLE_DEBUG_INFO = YES;
				ONLY_ACTIVE_ARCH = YES;
				SDKROOT = iphoneos;
			};
			name = Debug;
		};
		CCF2ADAB19E4F9EC003A1D84 /* Release */ = {
			isa = XCBuildConfiguration;
			buildSettings = {
				ALWAYS_SEARCH_USER_PATHS = NO;
				CLANG_CXX_LANGUAGE_STANDARD = "gnu++0x";
				CLANG_CXX_LIBRARY = "libc++";
				CLANG_ENABLE_MODULES = YES;
				CLANG_ENABLE_OBJC_ARC = YES;
				CLANG_WARN_BOOL_CONVERSION = YES;
				CLANG_WARN_CONSTANT_CONVERSION = YES;
				CLANG_WARN_DIRECT_OBJC_ISA_USAGE = YES_ERROR;
				CLANG_WARN_EMPTY_BODY = YES;
				CLANG_WARN_ENUM_CONVERSION = YES;
				CLANG_WARN_INT_CONVERSION = YES;
				CLANG_WARN_OBJC_ROOT_CLASS = YES_ERROR;
				CLANG_WARN_UNREACHABLE_CODE = YES;
				CLANG_WARN__DUPLICATE_METHOD_MATCH = YES;
				"CODE_SIGN_IDENTITY[sdk=iphoneos*]" = "iPhone Developer";
				COPY_PHASE_STRIP = YES;
				ENABLE_NS_ASSERTIONS = NO;
				ENABLE_STRICT_OBJC_MSGSEND = YES;
				GCC_C_LANGUAGE_STANDARD = gnu99;
				GCC_WARN_64_TO_32_BIT_CONVERSION = YES;
				GCC_WARN_ABOUT_RETURN_TYPE = YES_ERROR;
				GCC_WARN_UNDECLARED_SELECTOR = YES;
				GCC_WARN_UNINITIALIZED_AUTOS = YES_AGGRESSIVE;
				GCC_WARN_UNUSED_FUNCTION = YES;
				GCC_WARN_UNUSED_VARIABLE = YES;
				IPHONEOS_DEPLOYMENT_TARGET = 8.0;
				MTL_ENABLE_DEBUG_INFO = NO;
				SDKROOT = iphoneos;
				VALIDATE_PRODUCT = YES;
			};
			name = Release;
		};
		CCF2ADAD19E4F9EC003A1D84 /* Debug */ = {
			isa = XCBuildConfiguration;
			buildSettings = {
				ASSETCATALOG_COMPILER_APPICON_NAME = AppIcon;
				INFOPLIST_FILE = MCMS2/Info.plist;
				LD_RUNPATH_SEARCH_PATHS = "$(inherited) @executable_path/Frameworks";
				PRODUCT_NAME = "$(TARGET_NAME)";
			};
			name = Debug;
		};
		CCF2ADAE19E4F9EC003A1D84 /* Release */ = {
			isa = XCBuildConfiguration;
			buildSettings = {
				ASSETCATALOG_COMPILER_APPICON_NAME = AppIcon;
				INFOPLIST_FILE = MCMS2/Info.plist;
				LD_RUNPATH_SEARCH_PATHS = "$(inherited) @executable_path/Frameworks";
				PRODUCT_NAME = "$(TARGET_NAME)";
			};
			name = Release;
		};
		CCF2ADB019E4F9EC003A1D84 /* Debug */ = {
			isa = XCBuildConfiguration;
			buildSettings = {
				BUNDLE_LOADER = "$(TEST_HOST)";
				FRAMEWORK_SEARCH_PATHS = (
					"$(SDKROOT)/Developer/Library/Frameworks",
					"$(inherited)",
				);
				GCC_PREPROCESSOR_DEFINITIONS = (
					"DEBUG=1",
					"$(inherited)",
				);
				INFOPLIST_FILE = MCMS2Tests/Info.plist;
				LD_RUNPATH_SEARCH_PATHS = "$(inherited) @executable_path/Frameworks @loader_path/Frameworks";
				PRODUCT_NAME = "$(TARGET_NAME)";
				TEST_HOST = "$(BUILT_PRODUCTS_DIR)/MCMS2.app/MCMS2";
			};
			name = Debug;
		};
		CCF2ADB119E4F9EC003A1D84 /* Release */ = {
			isa = XCBuildConfiguration;
			buildSettings = {
				BUNDLE_LOADER = "$(TEST_HOST)";
				FRAMEWORK_SEARCH_PATHS = (
					"$(SDKROOT)/Developer/Library/Frameworks",
					"$(inherited)",
				);
				INFOPLIST_FILE = MCMS2Tests/Info.plist;
				LD_RUNPATH_SEARCH_PATHS = "$(inherited) @executable_path/Frameworks @loader_path/Frameworks";
				PRODUCT_NAME = "$(TARGET_NAME)";
				TEST_HOST = "$(BUILT_PRODUCTS_DIR)/MCMS2.app/MCMS2";
			};
			name = Release;
		};
/* End XCBuildConfiguration section */

/* Begin XCConfigurationList section */
		CCF2AD8119E4F9EC003A1D84 /* Build configuration list for PBXProject "MCMS2" */ = {
			isa = XCConfigurationList;
			buildConfigurations = (
				CCF2ADAA19E4F9EC003A1D84 /* Debug */,
				CCF2ADAB19E4F9EC003A1D84 /* Release */,
			);
			defaultConfigurationIsVisible = 0;
			defaultConfigurationName = Release;
		};
		CCF2ADAC19E4F9EC003A1D84 /* Build configuration list for PBXNativeTarget "MCMS2" */ = {
			isa = XCConfigurationList;
			buildConfigurations = (
				CCF2ADAD19E4F9EC003A1D84 /* Debug */,
				CCF2ADAE19E4F9EC003A1D84 /* Release */,
			);
			defaultConfigurationIsVisible = 0;
		};
		CCF2ADAF19E4F9EC003A1D84 /* Build configuration list for PBXNativeTarget "MCMS2Tests" */ = {
			isa = XCConfigurationList;
			buildConfigurations = (
				CCF2ADB019E4F9EC003A1D84 /* Debug */,
				CCF2ADB119E4F9EC003A1D84 /* Release */,
			);
			defaultConfigurationIsVisible = 0;
		};
/* End XCConfigurationList section */

/* Begin XCVersionGroup section */
		CCF2AD9019E4F9EC003A1D84 /* MCMS2.xcdatamodeld */ = {
			isa = XCVersionGroup;
			children = (
				CCF2AD9119E4F9EC003A1D84 /* MCMS2.xcdatamodel */,
			);
			currentVersion = CCF2AD9119E4F9EC003A1D84 /* MCMS2.xcdatamodel */;
			path = MCMS2.xcdatamodeld;
			sourceTree = "<group>";
			versionGroupType = wrapper.xcdatamodel;
		};
/* End XCVersionGroup section */
	};
	rootObject = CCF2AD7E19E4F9EC003A1D84 /* Project object */;
}
